
Microsoft Visual Studio Solution File, Format Version 12.00
# Visual Studio Version 16
VisualStudioVersion = 16.0.29509.3
MinimumVisualStudioVersion = 10.0.40219.1
Project("{FAE04EC0-301F-11D3-BF4B-00C04F79EFBC}") = "Final_Project", "Final_Project.csproj", "{F38B51F9-9D9A-4DCB-BC27-4576BCAC6390}"
EndProject
Global
	GlobalSection(SolutionConfigurationPlatforms) = preSolution
		Debug|Any CPU = Debug|Any CPU
		Release|Any CPU = Release|Any CPU
	EndGlobalSection
	GlobalSection(ProjectConfigurationPlatforms) = postSolution
		{F38B51F9-9D9A-4DCB-BC27-4576BCAC6390}.Debug|Any CPU.ActiveCfg = Debug|Any CPU
		{F38B51F9-9D9A-4DCB-BC27-4576BCAC6390}.Debug|Any CPU.Build.0 = Debug|Any CPU
		{F38B51F9-9D9A-4DCB-BC27-4576BCAC6390}.Release|Any CPU.ActiveCfg = Release|Any CPU
		{F38B51F9-9D9A-4DCB-BC27-4576BCAC6390}.Release|Any CPU.Build.0 = Release|Any CPU
	EndGlobalSection
	GlobalSection(SolutionProperties) = preSolution
		HideSolutionNode = FALSE
	EndGlobalSection
	GlobalSection(ExtensibilityGlobals) = postSolution
		SolutionGuid = {A3D85B64-758D-4779-B273-8E111B5C197A}
	EndGlobalSection
EndGlobal
